{
  "name": "DPack.NET",
  "version": "0.0.1",
  "lockfileVersion": 1,
  "requires": true,
  "dependencies": {
    "dpack": {
      "version": "0.4.14",
      "resolved": "https://registry.npmjs.org/dpack/-/dpack-0.4.14.tgz",
      "integrity": "sha512-l9Mm41UudOFWfdSll4qaYc/efFa+Hy+WPH+aZS9l31yO0fsff3qAN7v+5ByAwG7ExxtI0M3WMa3nkXI2PZwBww=="
    }
  }
}
